// !$*UTF8*$!
{
	archiveVersion = 1;
	classes = {
	};
	objectVersion = 50;
	objects = {

/* Begin PBXBuildFile section */
		006D398F245E4ADA00BE84A9 /* AppDelegate.swift in Sources */ = {isa = PBXBuildFile; fileRef = 006D398E245E4ADA00BE84A9 /* AppDelegate.swift */; };
		006D3991245E4ADA00BE84A9 /* SceneDelegate.swift in Sources */ = {isa = PBXBuildFile; fileRef = 006D3990245E4ADA00BE84A9 /* SceneDelegate.swift */; };
		006D3993245E4ADA00BE84A9 /* ViewController.swift in Sources */ = {isa = PBXBuildFile; fileRef = 006D3992245E4ADA00BE84A9 /* ViewController.swift */; };
		006D3996245E4ADA00BE84A9 /* Main.storyboard in Resources */ = {isa = PBXBuildFile; fileRef = 006D3994245E4ADA00BE84A9 /* Main.storyboard */; };
		006D3998245E4ADA00BE84A9 /* Assets.xcassets in Resources */ = {isa = PBXBuildFile; fileRef = 006D3997245E4ADA00BE84A9 /* Assets.xcassets */; };
		006D399B245E4ADA00BE84A9 /* LaunchScreen.storyboard in Resources */ = {isa = PBXBuildFile; fileRef = 006D3999245E4ADA00BE84A9 /* LaunchScreen.storyboard */; };
/* End PBXBuildFile section */

/* Begin PBXFileReference section */
		006D398B245E4ADA00BE84A9 /* sheetsAPI_test.app */ = {isa = PBXFileReference; explicitFileType = wrapper.application; includeInIndex = 0; path = sheetsAPI_test.app; sourceTree = BUILT_PRODUCTS_DIR; };
		006D398E245E4ADA00BE84A9 /* AppDelegate.swift */ = {isa = PBXFileReference; lastKnownFileType = sourcecode.swift; path = AppDelegate.swift; sourceTree = "<group>"; };
		006D3990245E4ADA00BE84A9 /* SceneDelegate.swift */ = {isa = PBXFileReference; lastKnownFileType = sourcecode.swift; path = SceneDelegate.swift; sourceTree = "<group>"; };
		006D3992245E4ADA00BE84A9 /* ViewController.swift */ = {isa = PBXFileReference; lastKnownFileType = sourcecode.swift; path = ViewController.swift; sourceTree = "<group>"; };
		006D3995245E4ADA00BE84A9 /* Base */ = {isa = PBXFileReference; lastKnownFileType = file.storyboard; name = Base; path = Base.lproj/Main.storyboard; sourceTree = "<group>"; };
		006D3997245E4ADA00BE84A9 /* Assets.xcassets */ = {isa = PBXFileReference; lastKnownFileType = folder.assetcatalog; path = Assets.xcassets; sourceTree = "<group>"; };
		006D399A245E4ADA00BE84A9 /* Base */ = {isa = PBXFileReference; lastKnownFileType = file.storyboard; name = Base; path = Base.lproj/LaunchScreen.storyboard; sourceTree = "<group>"; };
		006D399C245E4ADA00BE84A9 /* Info.plist */ = {isa = PBXFileReference; lastKnownFileType = text.plist.xml; path = Info.plist; sourceTree = "<group>"; };
		006D39A2245E4AEA00BE84A9 /* sheetsAPI_test.entitlements */ = {isa = PBXFileReference; lastKnownFileType = text.plist.entitlements; path = sheetsAPI_test.entitlements; sourceTree = "<group>"; };
/* End PBXFileReference section */

/* Begin PBXFrameworksBuildPhase section */
		006D3988245E4ADA00BE84A9 /* Frameworks */ = {
			isa = PBXFrameworksBuildPhase;
			buildActionMask = 2147483647;
			files = (
			);
			runOnlyForDeploymentPostprocessing = 0;
		};
/* End PBXFrameworksBuildPhase section */

/* Begin PBXGroup section */
		006D3982245E4ADA00BE84A9 = {
			isa = PBXGroup;
			children = (
				006D398D245E4ADA00BE84A9 /* sheetsAPI_test */,
				006D398C245E4ADA00BE84A9 /* Products */,
			);
			sourceTree = "<group>";
		};
		006D398C245E4ADA00BE84A9 /* Products */ = {
			isa = PBXGroup;
			children = (
				006D398B245E4ADA00BE84A9 /* sheetsAPI_test.app */,
			);
			name = Products;
			sourceTree = "<group>";
		};
		006D398D245E4ADA00BE84A9 /* sheetsAPI_test */ = {
			isa = PBXGroup;
			children = (
				006D39A2245E4AEA00BE84A9 /* sheetsAPI_test.entitlements */,
				006D398E245E4ADA00BE84A9 /* AppDelegate.swift */,
				006D3990245E4ADA00BE84A9 /* SceneDelegate.swift */,
				006D3992245E4ADA00BE84A9 /* ViewController.swift */,
				006D3994245E4ADA00BE84A9 /* Main.storyboard */,
				006D3997245E4ADA00BE84A9 /* Assets.xcassets */,
				006D3999245E4ADA00BE84A9 /* LaunchScreen.storyboard */,
				006D399C245E4ADA00BE84A9 /* Info.plist */,
			);
			path = sheetsAPI_test;
			sourceTree = "<group>";
		};
/* End PBXGroup section */

/* Begin PBXNativeTarget section */
		006D398A245E4ADA00BE84A9 /* sheetsAPI_test */ = {
			isa = PBXNativeTarget;
			buildConfigurationList = 006D399F245E4ADA00BE84A9 /* Build configuration list for PBXNativeTarget "sheetsAPI_test" */;
			buildPhases = (
				006D3987245E4ADA00BE84A9 /* Sources */,
				006D3988245E4ADA00BE84A9 /* Frameworks */,
				006D3989245E4ADA00BE84A9 /* Resources */,
			);
			buildRules = (
			);
			dependencies = (
			);
			name = sheetsAPI_test;
			productName = sheetsAPI_test;
			productReference = 006D398B245E4ADA00BE84A9 /* sheetsAPI_test.app */;
			productType = "com.apple.product-type.application";
		};
/* End PBXNativeTarget section */

/* Begin PBXProject section */
		006D3983245E4ADA00BE84A9 /* Project object */ = {
			isa = PBXProject;
			attributes = {
				LastSwiftUpdateCheck = 1140;
				LastUpgradeCheck = 1140;
				ORGANIZATIONNAME = "Ben Schwartz";
				TargetAttributes = {
					006D398A245E4ADA00BE84A9 = {
						CreatedOnToolsVersion = 11.4.1;
					};
				};
			};
			buildConfigurationList = 006D3986245E4ADA00BE84A9 /* Build configuration list for PBXProject "sheetsAPI_test" */;
			compatibilityVersion = "Xcode 9.3";
			developmentRegion = en;
			hasScannedForEncodings = 0;
			knownRegions = (
				en,
				Base,
			);
			mainGroup = 006D3982245E4ADA00BE84A9;
			productRefGroup = 006D398C245E4ADA00BE84A9 /* Products */;
			projectDirPath = "";
			projectRoot = "";
			targets = (
				006D398A245E4ADA00BE84A9 /* sheetsAPI_test */,
			);
		};
/* End PBXProject section */

/* Begin PBXResourcesBuildPhase section */
		006D3989245E4ADA00BE84A9 /* Resources */ = {
			isa = PBXResourcesBuildPhase;
			buildActionMask = 2147483647;
			files = (
				006D399B245E4ADA00BE84A9 /* LaunchScreen.storyboard in Resources */,
				006D3998245E4ADA00BE84A9 /* Assets.xcassets in Resources */,
				006D3996245E4ADA00BE84A9 /* Main.storyboard in Resources */,
			);
			runOnlyForDeploymentPostprocessing = 0;
		};
/* End PBXResourcesBuildPhase section */

/* Begin PBXSourcesBuildPhase section */
		006D3987245E4ADA00BE84A9 /* Sources */ = {
			isa = PBXSourcesBuildPhase;
			buildActionMask = 2147483647;
			files = (
				006D3993245E4ADA00BE84A9 /* ViewController.swift in Sources */,
				006D398F245E4ADA00BE84A9 /* AppDelegate.swift in Sources */,
				006D3991245E4ADA00BE84A9 /* SceneDelegate.swift in Sources */,
			);
			runOnlyForDeploymentPostprocessing = 0;
		};
/* End PBXSourcesBuildPhase section */

/* Begin PBXVariantGroup section */
		006D3994245E4ADA00BE84A9 /* Main.storyboard */ = {
			isa = PBXVariantGroup;
			children = (
				006D3995245E4ADA00BE84A9 /* Base */,
			);
			name = Main.storyboard;
			sourceTree = "<group>";
		};
		006D3999245E4ADA00BE84A9 /* LaunchScreen.storyboard */ = {
			isa = PBXVariantGroup;
			children = (
				006D399A245E4ADA00BE84A9 /* Base */,
			);
			name = LaunchScreen.storyboard;
			sourceTree = "<group>";
		};
/* End PBXVariantGroup section */

/* Begin XCBuildConfiguration section */
		006D399D245E4ADA00BE84A9 /* Debug */ = {
			isa = XCBuildConfiguration;
			buildSettings = {
				ALWAYS_SEARCH_USER_PATHS = NO;
				CLANG_ANALYZER_NONNULL = YES;
				CLANG_ANALYZER_NUMBER_OBJECT_CONVERSION = YES_AGGRESSIVE;
				CLANG_CXX_LANGUAGE_STANDARD = "gnu++14";
				CLANG_CXX_LIBRARY = "libc++";
				CLANG_ENABLE_MODULES = YES;
				CLANG_ENABLE_OBJC_ARC = YES;
				CLANG_ENABLE_OBJC_WEAK = YES;
				CLANG_WARN_BLOCK_CAPTURE_AUTORELEASING = YES;
				CLANG_WARN_BOOL_CONVERSION = YES;
				CLANG_WARN_COMMA = YES;
				CLANG_WARN_CONSTANT_CONVERSION = YES;
				CLANG_WARN_DEPRECATED_OBJC_IMPLEMENTATIONS = YES;
				CLANG_WARN_DIRECT_OBJC_ISA_USAGE = YES_ERROR;
				CLANG_WARN_DOCUMENTATION_COMMENTS = YES;
				CLANG_WARN_EMPTY_BODY = YES;
				CLANG_WARN_ENUM_CONVERSION = YES;
				CLANG_WARN_INFINITE_RECURSION = YES;
				CLANG_WARN_INT_CONVERSION = YES;
				CLANG_WARN_NON_LITERAL_NULL_CONVERSION = YES;
				CLANG_WARN_OBJC_IMPLICIT_RETAIN_SELF = YES;
				CLANG_WARN_OBJC_LITERAL_CONVERSION = YES;
				CLANG_WARN_OBJC_ROOT_CLASS = YES_ERROR;
				CLANG_WARN_RANGE_LOOP_ANALYSIS = YES;
				CLANG_WARN_STRICT_PROTOTYPES = YES;
				CLANG_WARN_SUSPICIOUS_MOVE = YES;
				CLANG_WARN_UNGUARDED_AVAILABILITY = YES_AGGRESSIVE;
				CLANG_WARN_UNREACHABLE_CODE = YES;
				CLANG_WARN__DUPLICATE_METHOD_MATCH = YES;
				COPY_PHASE_STRIP = NO;
				DEBUG_INFORMATION_FORMAT = dwarf;
				ENABLE_STRICT_OBJC_MSGSEND = YES;
				ENABLE_TESTABILITY = YES;
				GCC_C_LANGUAGE_STANDARD = gnu11;
				GCC_DYNAMIC_NO_PIC = NO;
				GCC_NO_COMMON_BLOCKS = YES;
				GCC_OPTIMIZATION_LEVEL = 0;
				GCC_PREPROCESSOR_DEFINITIONS = (
					"DEBUG=1",
					"$(inherited)",
				);
				GCC_WARN_64_TO_32_BIT_CONVERSION = YES;
				GCC_WARN_ABOUT_RETURN_TYPE = YES_ERROR;
				GCC_WARN_UNDECLARED_SELECTOR = YES;
				GCC_WARN_UNINITIALIZED_AUTOS = YES_AGGRESSIVE;
				GCC_WARN_UNUSED_FUNCTION = YES;
				GCC_WARN_UNUSED_VARIABLE = YES;
				IPHONEOS_DEPLOYMENT_TARGET = 13.4;
				MTL_ENABLE_DEBUG_INFO = INCLUDE_SOURCE;
				MTL_FAST_MATH = YES;
				ONLY_ACTIVE_ARCH = YES;
				SDKROOT = iphoneos;
				SWIFT_ACTIVE_COMPILATION_CONDITIONS = DEBUG;
				SWIFT_OPTIMIZATION_LEVEL = "-Onone";
			};
			name = Debug;
		};
		006D399E245E4ADA00BE84A9 /* Release */ = {
			isa = XCBuildConfiguration;
			buildSettings = {
				ALWAYS_SEARCH_USER_PATHS = NO;
				CLANG_ANALYZER_NONNULL = YES;
				CLANG_ANALYZER_NUMBER_OBJECT_CONVERSION = YES_AGGRESSIVE;
				CLANG_CXX_LANGUAGE_STANDARD = "gnu++14";
				CLANG_CXX_LIBRARY = "libc++";
				CLANG_ENABLE_MODULES = YES;
				CLANG_ENABLE_OBJC_ARC = YES;
				CLANG_ENABLE_OBJC_WEAK = YES;
				CLANG_WARN_BLOCK_CAPTURE_AUTORELEASING = YES;
				CLANG_WARN_BOOL_CONVERSION = YES;
				CLANG_WARN_COMMA = YES;
				CLANG_WARN_CONSTANT_CONVERSION = YES;
				CLANG_WARN_DEPRECATED_OBJC_IMPLEMENTATIONS = YES;
				CLANG_WARN_DIRECT_OBJC_ISA_USAGE = YES_ERROR;
				CLANG_WARN_DOCUMENTATION_COMMENTS = YES;
				CLANG_WARN_EMPTY_BODY = YES;
				CLANG_WARN_ENUM_CONVERSION = YES;
				CLANG_WARN_INFINITE_RECURSION = YES;
				CLANG_WARN_INT_CONVERSION = YES;
				CLANG_WARN_NON_LITERAL_NULL_CONVERSION = YES;
				CLANG_WARN_OBJC_IMPLICIT_RETAIN_SELF = YES;
				CLANG_WARN_OBJC_LITERAL_CONVERSION = YES;
				CLANG_WARN_OBJC_ROOT_CLASS = YES_ERROR;
				CLANG_WARN_RANGE_LOOP_ANALYSIS = YES;
				CLANG_WARN_STRICT_PROTOTYPES = YES;
				CLANG_WARN_SUSPICIOUS_MOVE = YES;
				CLANG_WARN_UNGUARDED_AVAILABILITY = YES_AGGRESSIVE;
				CLANG_WARN_UNREACHABLE_CODE = YES;
				CLANG_WARN__DUPLICATE_METHOD_MATCH = YES;
				COPY_PHASE_STRIP = NO;
				DEBUG_INFORMATION_FORMAT = "dwarf-with-dsym";
				ENABLE_NS_ASSERTIONS = NO;
				ENABLE_STRICT_OBJC_MSGSEND = YES;
				GCC_C_LANGUAGE_STANDARD = gnu11;
				GCC_NO_COMMON_BLOCKS = YES;
				GCC_WARN_64_TO_32_BIT_CONVERSION = YES;
				GCC_WARN_ABOUT_RETURN_TYPE = YES_ERROR;
				GCC_WARN_UNDECLARED_SELECTOR = YES;
				GCC_WARN_UNINITIALIZED_AUTOS = YES_AGGRESSIVE;
				GCC_WARN_UNUSED_FUNCTION = YES;
				GCC_WARN_UNUSED_VARIABLE = YES;
				IPHONEOS_DEPLOYMENT_TARGET = 13.4;
				MTL_ENABLE_DEBUG_INFO = NO;
				MTL_FAST_MATH = YES;
				SDKROOT = iphoneos;
				SWIFT_COMPILATION_MODE = wholemodule;
				SWIFT_OPTIMIZATION_LEVEL = "-O";
				VALIDATE_PRODUCT = YES;
			};
			name = Release;
		};
		006D39A0245E4ADA00BE84A9 /* Debug */ = {
			isa = XCBuildConfiguration;
			buildSettings = {
				ASSETCATALOG_COMPILER_APPICON_NAME = AppIcon;
				CODE_SIGN_ENTITLEMENTS = sheetsAPI_test/sheetsAPI_test.entitlements;
				CODE_SIGN_STYLE = Automatic;
				DEVELOPMENT_TEAM = AZ9RF3J6S7;
				INFOPLIST_FILE = sheetsAPI_test/Info.plist;
				LD_RUNPATH_SEARCH_PATHS = (
					"$(inherited)",
					"@executable_path/Frameworks",
				);
				PRODUCT_BUNDLE_IDENTIFIER = "goodcodeman.sheetsAPI-test";
				PRODUCT_NAME = "$(TARGET_NAME)";
				SUPPORTS_MACCATALYST = YES;
				SWIFT_VERSION = 5.0;
				TARGETED_DEVICE_FAMILY = "1,2";
			};
			name = Debug;
		};
		006D39A1245E4ADA00BE84A9 /* Release */ = {
			isa = XCBuildConfiguration;
			buildSettings = {
				ASSETCATALOG_COMPILER_APPICON_NAME = AppIcon;
				CODE_SIGN_ENTITLEMENTS = sheetsAPI_test/sheetsAPI_test.entitlements;
				CODE_SIGN_STYLE = Automatic;
				DEVELOPMENT_TEAM = AZ9RF3J6S7;
				INFOPLIST_FILE = sheetsAPI_test/Info.plist;
				LD_RUNPATH_SEARCH_PATHS = (
					"$(inherited)",
					"@executable_path/Frameworks",
				);
				PRODUCT_BUNDLE_IDENTIFIER = "goodcodeman.sheetsAPI-test";
				PRODUCT_NAME = "$(TARGET_NAME)";
				SUPPORTS_MACCATALYST = YES;
				SWIFT_VERSION = 5.0;
				TARGETED_DEVICE_FAMILY = "1,2";
			};
			name = Release;
		};
/* End XCBuildConfiguration section */

/* Begin XCConfigurationList section */
		006D3986245E4ADA00BE84A9 /* Build configuration list for PBXProject "sheetsAPI_test" */ = {
			isa = XCConfigurationList;
			buildConfigurations = (
				006D399D245E4ADA00BE84A9 /* Debug */,
				006D399E245E4ADA00BE84A9 /* Release */,
			);
			defaultConfigurationIsVisible = 0;
			defaultConfigurationName = Release;
		};
		006D399F245E4ADA00BE84A9 /* Build configuration list for PBXNativeTarget "sheetsAPI_test" */ = {
			isa = XCConfigurationList;
			buildConfigurations = (
				006D39A0245E4ADA00BE84A9 /* Debug */,
				006D39A1245E4ADA00BE84A9 /* Release */,
			);
			defaultConfigurationIsVisible = 0;
			defaultConfigurationName = Release;
		};
/* End XCConfigurationList section */
	};
	rootObject = 006D3983245E4ADA00BE84A9 /* Project object */;
}
